
Microsoft Visual Studio Solution File, Format Version 12.00
Project("{FAE04EC0-301F-11D3-BF4B-00C04F79EFBC}") = "NUnitDemoProject", "NUnitDemoProject\NUnitDemoProject.csproj", "{DEACFFF8-005F-4EE8-B54B-4CCC0403FA3A}"
EndProject
Global
	GlobalSection(SolutionConfigurationPlatforms) = preSolution
		Debug|Any CPU = Debug|Any CPU
		Release|Any CPU = Release|Any CPU
	EndGlobalSection
	GlobalSection(ProjectConfigurationPlatforms) = postSolution
		{DEACFFF8-005F-4EE8-B54B-4CCC0403FA3A}.Debug|Any CPU.ActiveCfg = Debug|Any CPU
		{DEACFFF8-005F-4EE8-B54B-4CCC0403FA3A}.Debug|Any CPU.Build.0 = Debug|Any CPU
		{DEACFFF8-005F-4EE8-B54B-4CCC0403FA3A}.Release|Any CPU.ActiveCfg = Release|Any CPU
		{DEACFFF8-005F-4EE8-B54B-4CCC0403FA3A}.Release|Any CPU.Build.0 = Release|Any CPU
	EndGlobalSection
EndGlobal
